
Microsoft Visual Studio Solution File, Format Version 12.00
# Visual Studio 2012
Project("{FAE04EC0-301F-11D3-BF4B-00C04F79EFBC}") = "SportiskasVilnius", "GoogleMapsWEB\SportiskasVilnius.csproj", "{082DD233-5866-4668-84FA-3C92AC340B87}"
EndProject
Project("{FAE04EC0-301F-11D3-BF4B-00C04F79EFBC}") = "DatabaseLibrary", "DatabaseLibrary\DatabaseLibrary.csproj", "{A4EB83E8-B33D-4E36-95E8-2240C7D9BF19}"
EndProject
Global
	GlobalSection(SolutionConfigurationPlatforms) = preSolution
		Debug|Any CPU = Debug|Any CPU
		Release|Any CPU = Release|Any CPU
	EndGlobalSection
	GlobalSection(ProjectConfigurationPlatforms) = postSolution
		{082DD233-5866-4668-84FA-3C92AC340B87}.Debug|Any CPU.ActiveCfg = Debug|Any CPU
		{082DD233-5866-4668-84FA-3C92AC340B87}.Debug|Any CPU.Build.0 = Debug|Any CPU
		{082DD233-5866-4668-84FA-3C92AC340B87}.Release|Any CPU.ActiveCfg = Release|Any CPU
		{082DD233-5866-4668-84FA-3C92AC340B87}.Release|Any CPU.Build.0 = Release|Any CPU
		{A4EB83E8-B33D-4E36-95E8-2240C7D9BF19}.Debug|Any CPU.ActiveCfg = Debug|Any CPU
		{A4EB83E8-B33D-4E36-95E8-2240C7D9BF19}.Debug|Any CPU.Build.0 = Debug|Any CPU
		{A4EB83E8-B33D-4E36-95E8-2240C7D9BF19}.Release|Any CPU.ActiveCfg = Release|Any CPU
		{A4EB83E8-B33D-4E36-95E8-2240C7D9BF19}.Release|Any CPU.Build.0 = Release|Any CPU
	EndGlobalSection
	GlobalSection(SolutionProperties) = preSolution
		HideSolutionNode = FALSE
	EndGlobalSection
EndGlobal
